
Microsoft Visual Studio Solution File, Format Version 12.00
# Visual Studio Version 16
VisualStudioVersion = 16.0.30406.217
MinimumVisualStudioVersion = 10.0.40219.1
Project("{FAE04EC0-301F-11D3-BF4B-00C04F79EFBC}") = "Projekt", "Projekt.csproj", "{FA4E7BD1-3051-4271-B0B9-292CA6243A7B}"
EndProject
Global
	GlobalSection(SolutionConfigurationPlatforms) = preSolution
		Debug|Any CPU = Debug|Any CPU
		Release|Any CPU = Release|Any CPU
	EndGlobalSection
	GlobalSection(ProjectConfigurationPlatforms) = postSolution
		{FA4E7BD1-3051-4271-B0B9-292CA6243A7B}.Debug|Any CPU.ActiveCfg = Debug|Any CPU
		{FA4E7BD1-3051-4271-B0B9-292CA6243A7B}.Debug|Any CPU.Build.0 = Debug|Any CPU
		{FA4E7BD1-3051-4271-B0B9-292CA6243A7B}.Release|Any CPU.ActiveCfg = Release|Any CPU
		{FA4E7BD1-3051-4271-B0B9-292CA6243A7B}.Release|Any CPU.Build.0 = Release|Any CPU
	EndGlobalSection
	GlobalSection(SolutionProperties) = preSolution
		HideSolutionNode = FALSE
	EndGlobalSection
	GlobalSection(ExtensibilityGlobals) = postSolution
		SolutionGuid = {126EBAE7-4FFA-462D-AD2E-C71211FA3B98}
	EndGlobalSection
EndGlobal
